
Microsoft Visual Studio Solution File, Format Version 12.00
# Visual Studio Version 16
VisualStudioVersion = 16.0.32929.386
MinimumVisualStudioVersion = 10.0.40219.1
Project("{FAE04EC0-301F-11D3-BF4B-00C04F79EFBC}") = "OtherChapters", "OtherChapters\OtherChapters.csproj", "{057447B4-4611-4780-865B-1DE596AEE631}"
EndProject
Global
	GlobalSection(SolutionConfigurationPlatforms) = preSolution
		Debug|Any CPU = Debug|Any CPU
		Release|Any CPU = Release|Any CPU
	EndGlobalSection
	GlobalSection(ProjectConfigurationPlatforms) = postSolution
		{057447B4-4611-4780-865B-1DE596AEE631}.Debug|Any CPU.ActiveCfg = Debug|Any CPU
		{057447B4-4611-4780-865B-1DE596AEE631}.Debug|Any CPU.Build.0 = Debug|Any CPU
		{057447B4-4611-4780-865B-1DE596AEE631}.Release|Any CPU.ActiveCfg = Release|Any CPU
		{057447B4-4611-4780-865B-1DE596AEE631}.Release|Any CPU.Build.0 = Release|Any CPU
	EndGlobalSection
	GlobalSection(SolutionProperties) = preSolution
		HideSolutionNode = FALSE
	EndGlobalSection
	GlobalSection(ExtensibilityGlobals) = postSolution
		SolutionGuid = {513AE346-F76D-4830-B8F8-5D6D0B9E834B}
	EndGlobalSection
EndGlobal
