
Microsoft Visual Studio Solution File, Format Version 12.00
# Visual Studio Version 16
VisualStudioVersion = 16.0.32602.291
MinimumVisualStudioVersion = 10.0.40219.1
Project("{FAE04EC0-301F-11D3-BF4B-00C04F79EFBC}") = "Generalizations[Chapter18]", "Generalizations[Chapter18]\Generalizations[Chapter18].csproj", "{8472FD01-7C44-43A3-A69B-2A0080597B6B}"
EndProject
Project("{FAE04EC0-301F-11D3-BF4B-00C04F79EFBC}") = "BaseClassConstraintDemo", "BaseClassConstraintDemo\BaseClassConstraintDemo.csproj", "{0E0BDD66-0C41-4B57-970B-542F40ABE68C}"
EndProject
Global
	GlobalSection(SolutionConfigurationPlatforms) = preSolution
		Debug|Any CPU = Debug|Any CPU
		Release|Any CPU = Release|Any CPU
	EndGlobalSection
	GlobalSection(ProjectConfigurationPlatforms) = postSolution
		{8472FD01-7C44-43A3-A69B-2A0080597B6B}.Debug|Any CPU.ActiveCfg = Debug|Any CPU
		{8472FD01-7C44-43A3-A69B-2A0080597B6B}.Debug|Any CPU.Build.0 = Debug|Any CPU
		{8472FD01-7C44-43A3-A69B-2A0080597B6B}.Release|Any CPU.ActiveCfg = Release|Any CPU
		{8472FD01-7C44-43A3-A69B-2A0080597B6B}.Release|Any CPU.Build.0 = Release|Any CPU
		{0E0BDD66-0C41-4B57-970B-542F40ABE68C}.Debug|Any CPU.ActiveCfg = Debug|Any CPU
		{0E0BDD66-0C41-4B57-970B-542F40ABE68C}.Debug|Any CPU.Build.0 = Debug|Any CPU
		{0E0BDD66-0C41-4B57-970B-542F40ABE68C}.Release|Any CPU.ActiveCfg = Release|Any CPU
		{0E0BDD66-0C41-4B57-970B-542F40ABE68C}.Release|Any CPU.Build.0 = Release|Any CPU
	EndGlobalSection
	GlobalSection(SolutionProperties) = preSolution
		HideSolutionNode = FALSE
	EndGlobalSection
	GlobalSection(ExtensibilityGlobals) = postSolution
		SolutionGuid = {F4B9CF69-8DCC-4DD1-A88A-C99B0447F11B}
	EndGlobalSection
EndGlobal
